
Microsoft Visual Studio Solution File, Format Version 12.00
# Visual Studio Version 17
VisualStudioVersion = 17.11.35312.102
MinimumVisualStudioVersion = 10.0.40219.1
Project("{FAE04EC0-301F-11D3-BF4B-00C04F79EFBC}") = "survey program", "survey program\survey program.csproj", "{5239CE45-FC5F-48AC-8649-AF84527123C9}"
EndProject
Global
	GlobalSection(SolutionConfigurationPlatforms) = preSolution
		Debug|Any CPU = Debug|Any CPU
		Release|Any CPU = Release|Any CPU
	EndGlobalSection
	GlobalSection(ProjectConfigurationPlatforms) = postSolution
		{5239CE45-FC5F-48AC-8649-AF84527123C9}.Debug|Any CPU.ActiveCfg = Debug|Any CPU
		{5239CE45-FC5F-48AC-8649-AF84527123C9}.Debug|Any CPU.Build.0 = Debug|Any CPU
		{5239CE45-FC5F-48AC-8649-AF84527123C9}.Release|Any CPU.ActiveCfg = Release|Any CPU
		{5239CE45-FC5F-48AC-8649-AF84527123C9}.Release|Any CPU.Build.0 = Release|Any CPU
	EndGlobalSection
	GlobalSection(SolutionProperties) = preSolution
		HideSolutionNode = FALSE
	EndGlobalSection
	GlobalSection(ExtensibilityGlobals) = postSolution
		SolutionGuid = {1079B0A0-F43D-46A5-A7C1-571C97195C40}
	EndGlobalSection
EndGlobal
